
Microsoft Visual Studio Solution File, Format Version 12.00
# Visual Studio 14
VisualStudioVersion = 14.0.25420.1
MinimumVisualStudioVersion = 10.0.40219.1
Project("{FAE04EC0-301F-11D3-BF4B-00C04F79EFBC}") = "Sigma.Core", "Sigma.Core\Sigma.Core.csproj", "{92B1BB1D-7F6A-4BD7-820C-46454F9AF8B3}"
EndProject
Project("{8BC9CEB8-8B4A-11D0-8D11-00A0C91BC942}") = "Sigma.Kernels", "Sigma.Kernels\Sigma.Kernels.vcxproj", "{AFEB081E-22CD-41BD-9EA2-71B4D83A6FFD}"
EndProject
Project("{FAE04EC0-301F-11D3-BF4B-00C04F79EFBC}") = "Sigma.Tests", "Sigma.Tests\Sigma.Tests.csproj", "{656F0373-6309-409B-BE43-9BEC8B0840AC}"
EndProject
Project("{FAE04EC0-301F-11D3-BF4B-00C04F79EFBC}") = "Sigma.Core.Monitors.WPF", "Sigma.Core.Monitors.WPF\Sigma.Core.Monitors.WPF.csproj", "{614662B2-B353-4DEE-839B-5F00564C7B24}"
EndProject
Project("{FAE04EC0-301F-11D3-BF4B-00C04F79EFBC}") = "Sigma.Tests.Internals.Backend", "Sigma.Tests.Internals.Backend\Sigma.Tests.Internals.Backend.csproj", "{000F8DA2-B16B-4B4A-8D0F-ADD3CACD2F2E}"
EndProject
Project("{FAE04EC0-301F-11D3-BF4B-00C04F79EFBC}") = "Sigma.Tests.Internals.WPF", "Sigma.Tests.Internals.WPF\Sigma.Tests.Internals.WPF.csproj", "{5C4ED7EC-24D7-43BA-9424-CADA167A3541}"
EndProject
Project("{FAE04EC0-301F-11D3-BF4B-00C04F79EFBC}") = "Sigma.Core.Monitors.WPF.Tests", "Sigma.Core.Monitors.WPF.Tests\Sigma.Core.Monitors.WPF.Tests.csproj", "{B3E3B0BE-2F6E-4E29-BAC2-10BA6EC4DEA6}"
EndProject
Project("{2150E333-8FDC-42A3-9474-1A3956D46DE8}") = "Solution Items", "Solution Items", "{2CE7A746-335C-48AF-B985-9CDAE1B8FBDD}"
EndProject
Global
	GlobalSection(SolutionConfigurationPlatforms) = preSolution
		Debug|Any CPU = Debug|Any CPU
		Debug|ARM = Debug|ARM
		Debug|x64 = Debug|x64
		Debug|x86 = Debug|x86
		NugetBuild|Any CPU = NugetBuild|Any CPU
		NugetBuild|ARM = NugetBuild|ARM
		NugetBuild|x64 = NugetBuild|x64
		NugetBuild|x86 = NugetBuild|x86
		Release|Any CPU = Release|Any CPU
		Release|ARM = Release|ARM
		Release|x64 = Release|x64
		Release|x86 = Release|x86
		TravisBuild|Any CPU = TravisBuild|Any CPU
		TravisBuild|ARM = TravisBuild|ARM
		TravisBuild|x64 = TravisBuild|x64
		TravisBuild|x86 = TravisBuild|x86
	EndGlobalSection
	GlobalSection(ProjectConfigurationPlatforms) = postSolution
		{92B1BB1D-7F6A-4BD7-820C-46454F9AF8B3}.Debug|Any CPU.ActiveCfg = Debug|x64
		{92B1BB1D-7F6A-4BD7-820C-46454F9AF8B3}.Debug|ARM.ActiveCfg = Debug|Any CPU
		{92B1BB1D-7F6A-4BD7-820C-46454F9AF8B3}.Debug|ARM.Build.0 = Debug|Any CPU
		{92B1BB1D-7F6A-4BD7-820C-46454F9AF8B3}.Debug|x64.ActiveCfg = Debug|x64
		{92B1BB1D-7F6A-4BD7-820C-46454F9AF8B3}.Debug|x64.Build.0 = Debug|x64
		{92B1BB1D-7F6A-4BD7-820C-46454F9AF8B3}.Debug|x86.ActiveCfg = Debug|Any CPU
		{92B1BB1D-7F6A-4BD7-820C-46454F9AF8B3}.Debug|x86.Build.0 = Debug|Any CPU
		{92B1BB1D-7F6A-4BD7-820C-46454F9AF8B3}.NugetBuild|Any CPU.ActiveCfg = NugetBuild|x64
		{92B1BB1D-7F6A-4BD7-820C-46454F9AF8B3}.NugetBuild|Any CPU.Build.0 = NugetBuild|x64
		{92B1BB1D-7F6A-4BD7-820C-46454F9AF8B3}.NugetBuild|ARM.ActiveCfg = NugetBuild|Any CPU
		{92B1BB1D-7F6A-4BD7-820C-46454F9AF8B3}.NugetBuild|ARM.Build.0 = NugetBuild|Any CPU
		{92B1BB1D-7F6A-4BD7-820C-46454F9AF8B3}.NugetBuild|x64.ActiveCfg = NugetBuild|x64
		{92B1BB1D-7F6A-4BD7-820C-46454F9AF8B3}.NugetBuild|x64.Build.0 = NugetBuild|x64
		{92B1BB1D-7F6A-4BD7-820C-46454F9AF8B3}.NugetBuild|x86.ActiveCfg = NugetBuild|Any CPU
		{92B1BB1D-7F6A-4BD7-820C-46454F9AF8B3}.NugetBuild|x86.Build.0 = NugetBuild|Any CPU
		{92B1BB1D-7F6A-4BD7-820C-46454F9AF8B3}.Release|Any CPU.ActiveCfg = Release|Any CPU
		{92B1BB1D-7F6A-4BD7-820C-46454F9AF8B3}.Release|Any CPU.Build.0 = Release|Any CPU
		{92B1BB1D-7F6A-4BD7-820C-46454F9AF8B3}.Release|ARM.ActiveCfg = Release|Any CPU
		{92B1BB1D-7F6A-4BD7-820C-46454F9AF8B3}.Release|ARM.Build.0 = Release|Any CPU
		{92B1BB1D-7F6A-4BD7-820C-46454F9AF8B3}.Release|x64.ActiveCfg = Release|x64
		{92B1BB1D-7F6A-4BD7-820C-46454F9AF8B3}.Release|x64.Build.0 = Release|x64
		{92B1BB1D-7F6A-4BD7-820C-46454F9AF8B3}.Release|x86.ActiveCfg = Release|Any CPU
		{92B1BB1D-7F6A-4BD7-820C-46454F9AF8B3}.Release|x86.Build.0 = Release|Any CPU
		{92B1BB1D-7F6A-4BD7-820C-46454F9AF8B3}.TravisBuild|Any CPU.ActiveCfg = TravisBuild|x64
		{92B1BB1D-7F6A-4BD7-820C-46454F9AF8B3}.TravisBuild|Any CPU.Build.0 = TravisBuild|x64
		{92B1BB1D-7F6A-4BD7-820C-46454F9AF8B3}.TravisBuild|ARM.ActiveCfg = TravisBuild|Any CPU
		{92B1BB1D-7F6A-4BD7-820C-46454F9AF8B3}.TravisBuild|ARM.Build.0 = TravisBuild|Any CPU
		{92B1BB1D-7F6A-4BD7-820C-46454F9AF8B3}.TravisBuild|x64.ActiveCfg = TravisBuild|x64
		{92B1BB1D-7F6A-4BD7-820C-46454F9AF8B3}.TravisBuild|x64.Build.0 = TravisBuild|x64
		{92B1BB1D-7F6A-4BD7-820C-46454F9AF8B3}.TravisBuild|x86.ActiveCfg = TravisBuild|Any CPU
		{92B1BB1D-7F6A-4BD7-820C-46454F9AF8B3}.TravisBuild|x86.Build.0 = TravisBuild|Any CPU
		{AFEB081E-22CD-41BD-9EA2-71B4D83A6FFD}.Debug|Any CPU.ActiveCfg = Debug|x64
		{AFEB081E-22CD-41BD-9EA2-71B4D83A6FFD}.Debug|ARM.ActiveCfg = Debug|Win32
		{AFEB081E-22CD-41BD-9EA2-71B4D83A6FFD}.Debug|x64.ActiveCfg = Debug|x64
		{AFEB081E-22CD-41BD-9EA2-71B4D83A6FFD}.Debug|x64.Build.0 = Debug|x64
		{AFEB081E-22CD-41BD-9EA2-71B4D83A6FFD}.Debug|x86.ActiveCfg = Debug|Win32
		{AFEB081E-22CD-41BD-9EA2-71B4D83A6FFD}.Debug|x86.Build.0 = Debug|Win32
		{AFEB081E-22CD-41BD-9EA2-71B4D83A6FFD}.NugetBuild|Any CPU.ActiveCfg = NugetBuild|x64
		{AFEB081E-22CD-41BD-9EA2-71B4D83A6FFD}.NugetBuild|ARM.ActiveCfg = NugetBuild|Win32
		{AFEB081E-22CD-41BD-9EA2-71B4D83A6FFD}.NugetBuild|x64.ActiveCfg = NugetBuild|x64
		{AFEB081E-22CD-41BD-9EA2-71B4D83A6FFD}.NugetBuild|x86.ActiveCfg = NugetBuild|Win32
		{AFEB081E-22CD-41BD-9EA2-71B4D83A6FFD}.Release|Any CPU.ActiveCfg = Release|Win32
		{AFEB081E-22CD-41BD-9EA2-71B4D83A6FFD}.Release|ARM.ActiveCfg = Release|Win32
		{AFEB081E-22CD-41BD-9EA2-71B4D83A6FFD}.Release|x64.ActiveCfg = Release|x64
		{AFEB081E-22CD-41BD-9EA2-71B4D83A6FFD}.Release|x64.Build.0 = Release|x64
		{AFEB081E-22CD-41BD-9EA2-71B4D83A6FFD}.Release|x86.ActiveCfg = Release|Win32
		{AFEB081E-22CD-41BD-9EA2-71B4D83A6FFD}.Release|x86.Build.0 = Release|Win32
		{AFEB081E-22CD-41BD-9EA2-71B4D83A6FFD}.TravisBuild|Any CPU.ActiveCfg = TravisBuild|x64
		{AFEB081E-22CD-41BD-9EA2-71B4D83A6FFD}.TravisBuild|ARM.ActiveCfg = TravisBuild|Win32
		{AFEB081E-22CD-41BD-9EA2-71B4D83A6FFD}.TravisBuild|x64.ActiveCfg = TravisBuild|x64
		{AFEB081E-22CD-41BD-9EA2-71B4D83A6FFD}.TravisBuild|x64.Deploy.0 = TravisBuild|x64
		{AFEB081E-22CD-41BD-9EA2-71B4D83A6FFD}.TravisBuild|x86.ActiveCfg = TravisBuild|Win32
		{656F0373-6309-409B-BE43-9BEC8B0840AC}.Debug|Any CPU.ActiveCfg = Debug|Any CPU
		{656F0373-6309-409B-BE43-9BEC8B0840AC}.Debug|Any CPU.Build.0 = Debug|Any CPU
		{656F0373-6309-409B-BE43-9BEC8B0840AC}.Debug|ARM.ActiveCfg = Debug|Any CPU
		{656F0373-6309-409B-BE43-9BEC8B0840AC}.Debug|ARM.Build.0 = Debug|Any CPU
		{656F0373-6309-409B-BE43-9BEC8B0840AC}.Debug|x64.ActiveCfg = Debug|x64
		{656F0373-6309-409B-BE43-9BEC8B0840AC}.Debug|x64.Build.0 = Debug|x64
		{656F0373-6309-409B-BE43-9BEC8B0840AC}.Debug|x86.ActiveCfg = Debug|Any CPU
		{656F0373-6309-409B-BE43-9BEC8B0840AC}.Debug|x86.Build.0 = Debug|Any CPU
		{656F0373-6309-409B-BE43-9BEC8B0840AC}.NugetBuild|Any CPU.ActiveCfg = NugetBuild|x64
		{656F0373-6309-409B-BE43-9BEC8B0840AC}.NugetBuild|Any CPU.Build.0 = NugetBuild|x64
		{656F0373-6309-409B-BE43-9BEC8B0840AC}.NugetBuild|ARM.ActiveCfg = NugetBuild|Any CPU
		{656F0373-6309-409B-BE43-9BEC8B0840AC}.NugetBuild|ARM.Build.0 = NugetBuild|Any CPU
		{656F0373-6309-409B-BE43-9BEC8B0840AC}.NugetBuild|x64.ActiveCfg = NugetBuild|x64
		{656F0373-6309-409B-BE43-9BEC8B0840AC}.NugetBuild|x64.Build.0 = NugetBuild|x64
		{656F0373-6309-409B-BE43-9BEC8B0840AC}.NugetBuild|x86.ActiveCfg = NugetBuild|Any CPU
		{656F0373-6309-409B-BE43-9BEC8B0840AC}.NugetBuild|x86.Build.0 = NugetBuild|Any CPU
		{656F0373-6309-409B-BE43-9BEC8B0840AC}.Release|Any CPU.ActiveCfg = Release|Any CPU
		{656F0373-6309-409B-BE43-9BEC8B0840AC}.Release|Any CPU.Build.0 = Release|Any CPU
		{656F0373-6309-409B-BE43-9BEC8B0840AC}.Release|ARM.ActiveCfg = Release|Any CPU
		{656F0373-6309-409B-BE43-9BEC8B0840AC}.Release|ARM.Build.0 = Release|Any CPU
		{656F0373-6309-409B-BE43-9BEC8B0840AC}.Release|x64.ActiveCfg = Release|x64
		{656F0373-6309-409B-BE43-9BEC8B0840AC}.Release|x64.Build.0 = Release|x64
		{656F0373-6309-409B-BE43-9BEC8B0840AC}.Release|x86.ActiveCfg = Release|Any CPU
		{656F0373-6309-409B-BE43-9BEC8B0840AC}.Release|x86.Build.0 = Release|Any CPU
		{656F0373-6309-409B-BE43-9BEC8B0840AC}.TravisBuild|Any CPU.ActiveCfg = TravisBuild|x64
		{656F0373-6309-409B-BE43-9BEC8B0840AC}.TravisBuild|Any CPU.Build.0 = TravisBuild|x64
		{656F0373-6309-409B-BE43-9BEC8B0840AC}.TravisBuild|ARM.ActiveCfg = TravisBuild|Any CPU
		{656F0373-6309-409B-BE43-9BEC8B0840AC}.TravisBuild|ARM.Build.0 = TravisBuild|Any CPU
		{656F0373-6309-409B-BE43-9BEC8B0840AC}.TravisBuild|x64.ActiveCfg = TravisBuild|x64
		{656F0373-6309-409B-BE43-9BEC8B0840AC}.TravisBuild|x64.Build.0 = TravisBuild|x64
		{656F0373-6309-409B-BE43-9BEC8B0840AC}.TravisBuild|x86.ActiveCfg = TravisBuild|Any CPU
		{656F0373-6309-409B-BE43-9BEC8B0840AC}.TravisBuild|x86.Build.0 = TravisBuild|Any CPU
		{614662B2-B353-4DEE-839B-5F00564C7B24}.Debug|Any CPU.ActiveCfg = Debug|Any CPU
		{614662B2-B353-4DEE-839B-5F00564C7B24}.Debug|Any CPU.Build.0 = Debug|Any CPU
		{614662B2-B353-4DEE-839B-5F00564C7B24}.Debug|ARM.ActiveCfg = Debug|Any CPU
		{614662B2-B353-4DEE-839B-5F00564C7B24}.Debug|ARM.Build.0 = Debug|Any CPU
		{614662B2-B353-4DEE-839B-5F00564C7B24}.Debug|x64.ActiveCfg = Debug|x64
		{614662B2-B353-4DEE-839B-5F00564C7B24}.Debug|x64.Build.0 = Debug|x64
		{614662B2-B353-4DEE-839B-5F00564C7B24}.Debug|x86.ActiveCfg = Debug|Any CPU
		{614662B2-B353-4DEE-839B-5F00564C7B24}.Debug|x86.Build.0 = Debug|Any CPU
		{614662B2-B353-4DEE-839B-5F00564C7B24}.NugetBuild|Any CPU.ActiveCfg = NugetBuild|x64
		{614662B2-B353-4DEE-839B-5F00564C7B24}.NugetBuild|Any CPU.Build.0 = NugetBuild|x64
		{614662B2-B353-4DEE-839B-5F00564C7B24}.NugetBuild|ARM.ActiveCfg = NugetBuild|Any CPU
		{614662B2-B353-4DEE-839B-5F00564C7B24}.NugetBuild|ARM.Build.0 = NugetBuild|Any CPU
		{614662B2-B353-4DEE-839B-5F00564C7B24}.NugetBuild|x64.ActiveCfg = NugetBuild|x64
		{614662B2-B353-4DEE-839B-5F00564C7B24}.NugetBuild|x64.Build.0 = NugetBuild|x64
		{614662B2-B353-4DEE-839B-5F00564C7B24}.NugetBuild|x86.ActiveCfg = NugetBuild|Any CPU
		{614662B2-B353-4DEE-839B-5F00564C7B24}.NugetBuild|x86.Build.0 = NugetBuild|Any CPU
		{614662B2-B353-4DEE-839B-5F00564C7B24}.Release|Any CPU.ActiveCfg = Release|Any CPU
		{614662B2-B353-4DEE-839B-5F00564C7B24}.Release|Any CPU.Build.0 = Release|Any CPU
		{614662B2-B353-4DEE-839B-5F00564C7B24}.Release|ARM.ActiveCfg = Release|Any CPU
		{614662B2-B353-4DEE-839B-5F00564C7B24}.Release|ARM.Build.0 = Release|Any CPU
		{614662B2-B353-4DEE-839B-5F00564C7B24}.Release|x64.ActiveCfg = Release|x64
		{614662B2-B353-4DEE-839B-5F00564C7B24}.Release|x64.Build.0 = Release|x64
		{614662B2-B353-4DEE-839B-5F00564C7B24}.Release|x86.ActiveCfg = Release|Any CPU
		{614662B2-B353-4DEE-839B-5F00564C7B24}.Release|x86.Build.0 = Release|Any CPU
		{614662B2-B353-4DEE-839B-5F00564C7B24}.TravisBuild|Any CPU.ActiveCfg = TravisBuild|x64
		{614662B2-B353-4DEE-839B-5F00564C7B24}.TravisBuild|ARM.ActiveCfg = TravisBuild|Any CPU
		{614662B2-B353-4DEE-839B-5F00564C7B24}.TravisBuild|ARM.Build.0 = TravisBuild|Any CPU
		{614662B2-B353-4DEE-839B-5F00564C7B24}.TravisBuild|x64.ActiveCfg = TravisBuild|x64
		{614662B2-B353-4DEE-839B-5F00564C7B24}.TravisBuild|x86.ActiveCfg = TravisBuild|Any CPU
		{000F8DA2-B16B-4B4A-8D0F-ADD3CACD2F2E}.Debug|Any CPU.ActiveCfg = Debug|Any CPU
		{000F8DA2-B16B-4B4A-8D0F-ADD3CACD2F2E}.Debug|Any CPU.Build.0 = Debug|Any CPU
		{000F8DA2-B16B-4B4A-8D0F-ADD3CACD2F2E}.Debug|ARM.ActiveCfg = Debug|Any CPU
		{000F8DA2-B16B-4B4A-8D0F-ADD3CACD2F2E}.Debug|ARM.Build.0 = Debug|Any CPU
		{000F8DA2-B16B-4B4A-8D0F-ADD3CACD2F2E}.Debug|x64.ActiveCfg = Debug|x64
		{000F8DA2-B16B-4B4A-8D0F-ADD3CACD2F2E}.Debug|x64.Build.0 = Debug|x64
		{000F8DA2-B16B-4B4A-8D0F-ADD3CACD2F2E}.Debug|x86.ActiveCfg = Debug|Any CPU
		{000F8DA2-B16B-4B4A-8D0F-ADD3CACD2F2E}.Debug|x86.Build.0 = Debug|Any CPU
		{000F8DA2-B16B-4B4A-8D0F-ADD3CACD2F2E}.NugetBuild|Any CPU.ActiveCfg = NugetBuild|x64
		{000F8DA2-B16B-4B4A-8D0F-ADD3CACD2F2E}.NugetBuild|ARM.ActiveCfg = NugetBuild|Any CPU
		{000F8DA2-B16B-4B4A-8D0F-ADD3CACD2F2E}.NugetBuild|ARM.Build.0 = NugetBuild|Any CPU
		{000F8DA2-B16B-4B4A-8D0F-ADD3CACD2F2E}.NugetBuild|x64.ActiveCfg = NugetBuild|x64
		{000F8DA2-B16B-4B4A-8D0F-ADD3CACD2F2E}.NugetBuild|x86.ActiveCfg = NugetBuild|Any CPU
		{000F8DA2-B16B-4B4A-8D0F-ADD3CACD2F2E}.NugetBuild|x86.Build.0 = NugetBuild|Any CPU
		{000F8DA2-B16B-4B4A-8D0F-ADD3CACD2F2E}.Release|Any CPU.ActiveCfg = Release|Any CPU
		{000F8DA2-B16B-4B4A-8D0F-ADD3CACD2F2E}.Release|Any CPU.Build.0 = Release|Any CPU
		{000F8DA2-B16B-4B4A-8D0F-ADD3CACD2F2E}.Release|ARM.ActiveCfg = Release|Any CPU
		{000F8DA2-B16B-4B4A-8D0F-ADD3CACD2F2E}.Release|ARM.Build.0 = Release|Any CPU
		{000F8DA2-B16B-4B4A-8D0F-ADD3CACD2F2E}.Release|x64.ActiveCfg = Release|x64
		{000F8DA2-B16B-4B4A-8D0F-ADD3CACD2F2E}.Release|x64.Build.0 = Release|x64
		{000F8DA2-B16B-4B4A-8D0F-ADD3CACD2F2E}.Release|x86.ActiveCfg = Release|Any CPU
		{000F8DA2-B16B-4B4A-8D0F-ADD3CACD2F2E}.Release|x86.Build.0 = Release|Any CPU
		{000F8DA2-B16B-4B4A-8D0F-ADD3CACD2F2E}.TravisBuild|Any CPU.ActiveCfg = TravisBuild|x64
		{000F8DA2-B16B-4B4A-8D0F-ADD3CACD2F2E}.TravisBuild|ARM.ActiveCfg = TravisBuild|Any CPU
		{000F8DA2-B16B-4B4A-8D0F-ADD3CACD2F2E}.TravisBuild|ARM.Build.0 = TravisBuild|Any CPU
		{000F8DA2-B16B-4B4A-8D0F-ADD3CACD2F2E}.TravisBuild|x64.ActiveCfg = TravisBuild|x64
		{000F8DA2-B16B-4B4A-8D0F-ADD3CACD2F2E}.TravisBuild|x86.ActiveCfg = TravisBuild|Any CPU
		{5C4ED7EC-24D7-43BA-9424-CADA167A3541}.Debug|Any CPU.ActiveCfg = Debug|Any CPU
		{5C4ED7EC-24D7-43BA-9424-CADA167A3541}.Debug|Any CPU.Build.0 = Debug|Any CPU
		{5C4ED7EC-24D7-43BA-9424-CADA167A3541}.Debug|ARM.ActiveCfg = Debug|Any CPU
		{5C4ED7EC-24D7-43BA-9424-CADA167A3541}.Debug|ARM.Build.0 = Debug|Any CPU
		{5C4ED7EC-24D7-43BA-9424-CADA167A3541}.Debug|x64.ActiveCfg = Debug|x64
		{5C4ED7EC-24D7-43BA-9424-CADA167A3541}.Debug|x64.Build.0 = Debug|x64
		{5C4ED7EC-24D7-43BA-9424-CADA167A3541}.Debug|x86.ActiveCfg = Debug|Any CPU
		{5C4ED7EC-24D7-43BA-9424-CADA167A3541}.Debug|x86.Build.0 = Debug|Any CPU
		{5C4ED7EC-24D7-43BA-9424-CADA167A3541}.NugetBuild|Any CPU.ActiveCfg = NugetBuild|x64
		{5C4ED7EC-24D7-43BA-9424-CADA167A3541}.NugetBuild|ARM.ActiveCfg = NugetBuild|Any CPU
		{5C4ED7EC-24D7-43BA-9424-CADA167A3541}.NugetBuild|ARM.Build.0 = NugetBuild|Any CPU
		{5C4ED7EC-24D7-43BA-9424-CADA167A3541}.NugetBuild|x64.ActiveCfg = NugetBuild|x64
		{5C4ED7EC-24D7-43BA-9424-CADA167A3541}.NugetBuild|x86.ActiveCfg = NugetBuild|Any CPU
		{5C4ED7EC-24D7-43BA-9424-CADA167A3541}.NugetBuild|x86.Build.0 = NugetBuild|Any CPU
		{5C4ED7EC-24D7-43BA-9424-CADA167A3541}.Release|Any CPU.ActiveCfg = Release|Any CPU
		{5C4ED7EC-24D7-43BA-9424-CADA167A3541}.Release|Any CPU.Build.0 = Release|Any CPU
		{5C4ED7EC-24D7-43BA-9424-CADA167A3541}.Release|ARM.ActiveCfg = Release|Any CPU
		{5C4ED7EC-24D7-43BA-9424-CADA167A3541}.Release|ARM.Build.0 = Release|Any CPU
		{5C4ED7EC-24D7-43BA-9424-CADA167A3541}.Release|x64.ActiveCfg = Release|x64
		{5C4ED7EC-24D7-43BA-9424-CADA167A3541}.Release|x64.Build.0 = Release|x64
		{5C4ED7EC-24D7-43BA-9424-CADA167A3541}.Release|x86.ActiveCfg = Release|Any CPU
		{5C4ED7EC-24D7-43BA-9424-CADA167A3541}.Release|x86.Build.0 = Release|Any CPU
		{5C4ED7EC-24D7-43BA-9424-CADA167A3541}.TravisBuild|Any CPU.ActiveCfg = TravisBuild|x64
		{5C4ED7EC-24D7-43BA-9424-CADA167A3541}.TravisBuild|ARM.ActiveCfg = TravisBuild|Any CPU
		{5C4ED7EC-24D7-43BA-9424-CADA167A3541}.TravisBuild|ARM.Build.0 = TravisBuild|Any CPU
		{5C4ED7EC-24D7-43BA-9424-CADA167A3541}.TravisBuild|x64.ActiveCfg = TravisBuild|x64
		{5C4ED7EC-24D7-43BA-9424-CADA167A3541}.TravisBuild|x86.ActiveCfg = TravisBuild|Any CPU
		{B3E3B0BE-2F6E-4E29-BAC2-10BA6EC4DEA6}.Debug|Any CPU.ActiveCfg = Debug|Any CPU
		{B3E3B0BE-2F6E-4E29-BAC2-10BA6EC4DEA6}.Debug|Any CPU.Build.0 = Debug|Any CPU
		{B3E3B0BE-2F6E-4E29-BAC2-10BA6EC4DEA6}.Debug|ARM.ActiveCfg = Debug|Any CPU
		{B3E3B0BE-2F6E-4E29-BAC2-10BA6EC4DEA6}.Debug|ARM.Build.0 = Debug|Any CPU
		{B3E3B0BE-2F6E-4E29-BAC2-10BA6EC4DEA6}.Debug|x64.ActiveCfg = Debug|x64
		{B3E3B0BE-2F6E-4E29-BAC2-10BA6EC4DEA6}.Debug|x64.Build.0 = Debug|x64
		{B3E3B0BE-2F6E-4E29-BAC2-10BA6EC4DEA6}.Debug|x86.ActiveCfg = Debug|Any CPU
		{B3E3B0BE-2F6E-4E29-BAC2-10BA6EC4DEA6}.Debug|x86.Build.0 = Debug|Any CPU
		{B3E3B0BE-2F6E-4E29-BAC2-10BA6EC4DEA6}.NugetBuild|Any CPU.ActiveCfg = NugetBuild|x64
		{B3E3B0BE-2F6E-4E29-BAC2-10BA6EC4DEA6}.NugetBuild|Any CPU.Build.0 = NugetBuild|x64
		{B3E3B0BE-2F6E-4E29-BAC2-10BA6EC4DEA6}.NugetBuild|ARM.ActiveCfg = NugetBuild|Any CPU
		{B3E3B0BE-2F6E-4E29-BAC2-10BA6EC4DEA6}.NugetBuild|ARM.Build.0 = NugetBuild|Any CPU
		{B3E3B0BE-2F6E-4E29-BAC2-10BA6EC4DEA6}.NugetBuild|x64.ActiveCfg = NugetBuild|x64
		{B3E3B0BE-2F6E-4E29-BAC2-10BA6EC4DEA6}.NugetBuild|x64.Build.0 = NugetBuild|x64
		{B3E3B0BE-2F6E-4E29-BAC2-10BA6EC4DEA6}.NugetBuild|x86.ActiveCfg = NugetBuild|Any CPU
		{B3E3B0BE-2F6E-4E29-BAC2-10BA6EC4DEA6}.NugetBuild|x86.Build.0 = NugetBuild|Any CPU
		{B3E3B0BE-2F6E-4E29-BAC2-10BA6EC4DEA6}.Release|Any CPU.ActiveCfg = Release|Any CPU
		{B3E3B0BE-2F6E-4E29-BAC2-10BA6EC4DEA6}.Release|Any CPU.Build.0 = Release|Any CPU
		{B3E3B0BE-2F6E-4E29-BAC2-10BA6EC4DEA6}.Release|ARM.ActiveCfg = Release|Any CPU
		{B3E3B0BE-2F6E-4E29-BAC2-10BA6EC4DEA6}.Release|ARM.Build.0 = Release|Any CPU
		{B3E3B0BE-2F6E-4E29-BAC2-10BA6EC4DEA6}.Release|x64.ActiveCfg = Release|x64
		{B3E3B0BE-2F6E-4E29-BAC2-10BA6EC4DEA6}.Release|x64.Build.0 = Release|x64
		{B3E3B0BE-2F6E-4E29-BAC2-10BA6EC4DEA6}.Release|x86.ActiveCfg = Release|Any CPU
		{B3E3B0BE-2F6E-4E29-BAC2-10BA6EC4DEA6}.Release|x86.Build.0 = Release|Any CPU
		{B3E3B0BE-2F6E-4E29-BAC2-10BA6EC4DEA6}.TravisBuild|Any CPU.ActiveCfg = TravisBuild|x64
		{B3E3B0BE-2F6E-4E29-BAC2-10BA6EC4DEA6}.TravisBuild|ARM.ActiveCfg = Release|Any CPU
		{B3E3B0BE-2F6E-4E29-BAC2-10BA6EC4DEA6}.TravisBuild|ARM.Build.0 = Release|Any CPU
		{B3E3B0BE-2F6E-4E29-BAC2-10BA6EC4DEA6}.TravisBuild|x64.ActiveCfg = TravisBuild|x64
		{B3E3B0BE-2F6E-4E29-BAC2-10BA6EC4DEA6}.TravisBuild|x86.ActiveCfg = TravisBuild|Any CPU
	EndGlobalSection
	GlobalSection(SolutionProperties) = preSolution
		HideSolutionNode = FALSE
	EndGlobalSection
EndGlobal
